

Console.WriteLine("Enter your lower case letter.");
char letter = Convert.ToChar(Console.ReadLine());

if (letter =='a' || letter == 'e'|| letter == 'e'|| letter=='o'|| letter == 'u')
{
    Console.WriteLine("It is a vowel.");
}
else
{
    Console.WriteLine("it is consonant");
}
Console.WriteLine("Do you want to continue?(y/n)");
char answer =char.Parse(Console.ReadLine());
if(answer == 'y');
{

    Console.WriteLine("Enter your lower case letter.");
    letter = Convert.ToChar(Console.ReadLine());

    if (letter == 'a' || letter == 'e' || letter == 'e' || letter == 'o' || letter == 'u')
    {
        Console.WriteLine("It is a vowel.");
    }
    else
    {
        Console.WriteLine("it is consonant");
    }
    Console.WriteLine("Do you want to continue?(y/n)");
    answer = char.Parse(Console.ReadLine());
} 

if(answer == 'n')
{

    Console.WriteLine("Thank you for using!!!!!");
}
