
Microsoft Visual Studio Solution File, Format Version 12.00
# Visual Studio Version 17
VisualStudioVersion = 17.2.32602.215
MinimumVisualStudioVersion = 10.0.40219.1
Project("{FAE04EC0-301F-11D3-BF4B-00C04F79EFBC}") = "WinFormsApp1", "WinFormsApp1\WinFormsApp1.csproj", "{3CBA991E-EB60-4E71-960F-F07BED84DCCB}"
EndProject
Global
	GlobalSection(SolutionConfigurationPlatforms) = preSolution
		Debug|Any CPU = Debug|Any CPU
		Release|Any CPU = Release|Any CPU
	EndGlobalSection
	GlobalSection(ProjectConfigurationPlatforms) = postSolution
		{3CBA991E-EB60-4E71-960F-F07BED84DCCB}.Debug|Any CPU.ActiveCfg = Debug|Any CPU
		{3CBA991E-EB60-4E71-960F-F07BED84DCCB}.Debug|Any CPU.Build.0 = Debug|Any CPU
		{3CBA991E-EB60-4E71-960F-F07BED84DCCB}.Release|Any CPU.ActiveCfg = Release|Any CPU
		{3CBA991E-EB60-4E71-960F-F07BED84DCCB}.Release|Any CPU.Build.0 = Release|Any CPU
	EndGlobalSection
	GlobalSection(SolutionProperties) = preSolution
		HideSolutionNode = FALSE
	EndGlobalSection
	GlobalSection(ExtensibilityGlobals) = postSolution
		SolutionGuid = {8067D874-B508-48D0-85F9-306D50A68448}
	EndGlobalSection
EndGlobal
